
Microsoft Visual Studio Solution File, Format Version 12.00
# Visual Studio Version 17
VisualStudioVersion = 17.2.32616.157
MinimumVisualStudioVersion = 10.0.40219.1
Project("{2150E333-8FDC-42A3-9474-1A3956D46DE8}") = "src", "src", "{474D110E-6C3E-4087-842D-7552E2CE9FA9}"
EndProject
Project("{2150E333-8FDC-42A3-9474-1A3956D46DE8}") = "Core", "Core", "{B4121F53-F10B-4932-BDBE-E1D21D1E8A19}"
EndProject
Project("{2150E333-8FDC-42A3-9474-1A3956D46DE8}") = "Infraestructure", "Infraestructure", "{1917177A-14D6-4FE0-A64C-5860E0D5B874}"
EndProject
Project("{2150E333-8FDC-42A3-9474-1A3956D46DE8}") = "Presentation", "Presentation", "{E0A6575A-0CBC-4944-96F5-EBD54CC4AFBF}"
EndProject
Project("{FAE04EC0-301F-11D3-BF4B-00C04F79EFBC}") = "Application", "Application\Application.csproj", "{9085D62D-2045-414E-84F5-F7414206A4EA}"
EndProject
Project("{FAE04EC0-301F-11D3-BF4B-00C04F79EFBC}") = "Domain", "Domain\Domain.csproj", "{13268D4C-D117-4EB6-9BAD-36A7FBD0DCD5}"
EndProject
Project("{FAE04EC0-301F-11D3-BF4B-00C04F79EFBC}") = "Persistence", "Persistence\Persistence.csproj", "{D63D0AAE-7343-432D-82E8-D795710E16EF}"
EndProject
Project("{FAE04EC0-301F-11D3-BF4B-00C04F79EFBC}") = "Shared", "Shared\Shared.csproj", "{DF37763A-E97A-45C5-B02D-2E510661AF17}"
EndProject
Project("{FAE04EC0-301F-11D3-BF4B-00C04F79EFBC}") = "ApiSocialMedia", "ApiSocialMedia\ApiSocialMedia.csproj", "{66E88C53-B2E8-47B6-8F71-607D73C492B2}"
EndProject
Global
	GlobalSection(SolutionConfigurationPlatforms) = preSolution
		Debug|Any CPU = Debug|Any CPU
		Release|Any CPU = Release|Any CPU
	EndGlobalSection
	GlobalSection(ProjectConfigurationPlatforms) = postSolution
		{9085D62D-2045-414E-84F5-F7414206A4EA}.Debug|Any CPU.ActiveCfg = Debug|Any CPU
		{9085D62D-2045-414E-84F5-F7414206A4EA}.Debug|Any CPU.Build.0 = Debug|Any CPU
		{9085D62D-2045-414E-84F5-F7414206A4EA}.Release|Any CPU.ActiveCfg = Release|Any CPU
		{9085D62D-2045-414E-84F5-F7414206A4EA}.Release|Any CPU.Build.0 = Release|Any CPU
		{13268D4C-D117-4EB6-9BAD-36A7FBD0DCD5}.Debug|Any CPU.ActiveCfg = Debug|Any CPU
		{13268D4C-D117-4EB6-9BAD-36A7FBD0DCD5}.Debug|Any CPU.Build.0 = Debug|Any CPU
		{13268D4C-D117-4EB6-9BAD-36A7FBD0DCD5}.Release|Any CPU.ActiveCfg = Release|Any CPU
		{13268D4C-D117-4EB6-9BAD-36A7FBD0DCD5}.Release|Any CPU.Build.0 = Release|Any CPU
		{D63D0AAE-7343-432D-82E8-D795710E16EF}.Debug|Any CPU.ActiveCfg = Debug|Any CPU
		{D63D0AAE-7343-432D-82E8-D795710E16EF}.Debug|Any CPU.Build.0 = Debug|Any CPU
		{D63D0AAE-7343-432D-82E8-D795710E16EF}.Release|Any CPU.ActiveCfg = Release|Any CPU
		{D63D0AAE-7343-432D-82E8-D795710E16EF}.Release|Any CPU.Build.0 = Release|Any CPU
		{DF37763A-E97A-45C5-B02D-2E510661AF17}.Debug|Any CPU.ActiveCfg = Debug|Any CPU
		{DF37763A-E97A-45C5-B02D-2E510661AF17}.Debug|Any CPU.Build.0 = Debug|Any CPU
		{DF37763A-E97A-45C5-B02D-2E510661AF17}.Release|Any CPU.ActiveCfg = Release|Any CPU
		{DF37763A-E97A-45C5-B02D-2E510661AF17}.Release|Any CPU.Build.0 = Release|Any CPU
		{66E88C53-B2E8-47B6-8F71-607D73C492B2}.Debug|Any CPU.ActiveCfg = Debug|Any CPU
		{66E88C53-B2E8-47B6-8F71-607D73C492B2}.Debug|Any CPU.Build.0 = Debug|Any CPU
		{66E88C53-B2E8-47B6-8F71-607D73C492B2}.Release|Any CPU.ActiveCfg = Release|Any CPU
		{66E88C53-B2E8-47B6-8F71-607D73C492B2}.Release|Any CPU.Build.0 = Release|Any CPU
	EndGlobalSection
	GlobalSection(SolutionProperties) = preSolution
		HideSolutionNode = FALSE
	EndGlobalSection
	GlobalSection(NestedProjects) = preSolution
		{B4121F53-F10B-4932-BDBE-E1D21D1E8A19} = {474D110E-6C3E-4087-842D-7552E2CE9FA9}
		{1917177A-14D6-4FE0-A64C-5860E0D5B874} = {474D110E-6C3E-4087-842D-7552E2CE9FA9}
		{E0A6575A-0CBC-4944-96F5-EBD54CC4AFBF} = {474D110E-6C3E-4087-842D-7552E2CE9FA9}
		{9085D62D-2045-414E-84F5-F7414206A4EA} = {B4121F53-F10B-4932-BDBE-E1D21D1E8A19}
		{13268D4C-D117-4EB6-9BAD-36A7FBD0DCD5} = {B4121F53-F10B-4932-BDBE-E1D21D1E8A19}
		{D63D0AAE-7343-432D-82E8-D795710E16EF} = {1917177A-14D6-4FE0-A64C-5860E0D5B874}
		{DF37763A-E97A-45C5-B02D-2E510661AF17} = {1917177A-14D6-4FE0-A64C-5860E0D5B874}
		{66E88C53-B2E8-47B6-8F71-607D73C492B2} = {E0A6575A-0CBC-4944-96F5-EBD54CC4AFBF}
	EndGlobalSection
	GlobalSection(ExtensibilityGlobals) = postSolution
		SolutionGuid = {4AD1C998-B881-4FE3-B36A-507E085E059A}
	EndGlobalSection
EndGlobal
